
Microsoft Visual Studio Solution File, Format Version 12.00
# Visual Studio 15
VisualStudioVersion = 15.0.27004.2005
MinimumVisualStudioVersion = 10.0.40219.1
Project("{FAE04EC0-301F-11D3-BF4B-00C04F79EFBC}") = "Calculator", "Calculator\Calculator.csproj", "{C702E202-2719-4CA3-B0C9-B5DEADDAF530}"
EndProject
Global
	GlobalSection(SolutionConfigurationPlatforms) = preSolution
		Debug|Any CPU = Debug|Any CPU
		Release|Any CPU = Release|Any CPU
	EndGlobalSection
	GlobalSection(ProjectConfigurationPlatforms) = postSolution
		{C702E202-2719-4CA3-B0C9-B5DEADDAF530}.Debug|Any CPU.ActiveCfg = Debug|Any CPU
		{C702E202-2719-4CA3-B0C9-B5DEADDAF530}.Debug|Any CPU.Build.0 = Debug|Any CPU
		{C702E202-2719-4CA3-B0C9-B5DEADDAF530}.Release|Any CPU.ActiveCfg = Release|Any CPU
		{C702E202-2719-4CA3-B0C9-B5DEADDAF530}.Release|Any CPU.Build.0 = Release|Any CPU
	EndGlobalSection
	GlobalSection(SolutionProperties) = preSolution
		HideSolutionNode = FALSE
	EndGlobalSection
	GlobalSection(ExtensibilityGlobals) = postSolution
		SolutionGuid = {B999F545-6DA0-42EC-8612-A8B2A5C15579}
	EndGlobalSection
EndGlobal
