
Microsoft Visual Studio Solution File, Format Version 12.00
# Visual Studio 15
VisualStudioVersion = 15.0.27004.2005
MinimumVisualStudioVersion = 10.0.40219.1
Project("{FAE04EC0-301F-11D3-BF4B-00C04F79EFBC}") = "HW4", "HW4\HW4.csproj", "{DA04EE9A-A5D4-42DA-BE7A-014F832AD058}"
EndProject
Global
	GlobalSection(SolutionConfigurationPlatforms) = preSolution
		Debug|Any CPU = Debug|Any CPU
		Release|Any CPU = Release|Any CPU
	EndGlobalSection
	GlobalSection(ProjectConfigurationPlatforms) = postSolution
		{DA04EE9A-A5D4-42DA-BE7A-014F832AD058}.Debug|Any CPU.ActiveCfg = Debug|Any CPU
		{DA04EE9A-A5D4-42DA-BE7A-014F832AD058}.Debug|Any CPU.Build.0 = Debug|Any CPU
		{DA04EE9A-A5D4-42DA-BE7A-014F832AD058}.Release|Any CPU.ActiveCfg = Release|Any CPU
		{DA04EE9A-A5D4-42DA-BE7A-014F832AD058}.Release|Any CPU.Build.0 = Release|Any CPU
	EndGlobalSection
	GlobalSection(SolutionProperties) = preSolution
		HideSolutionNode = FALSE
	EndGlobalSection
	GlobalSection(ExtensibilityGlobals) = postSolution
		SolutionGuid = {C4083533-392E-4261-8490-465F336BCE9B}
	EndGlobalSection
EndGlobal
